
Microsoft Visual Studio Solution File, Format Version 12.00
# Visual Studio Version 16
VisualStudioVersion = 16.0.30621.155
MinimumVisualStudioVersion = 10.0.40219.1
Project("{FAE04EC0-301F-11D3-BF4B-00C04F79EFBC}") = "Task_1", "Task_1\Task_1.csproj", "{820AED55-91C7-4EE9-9AFB-AC5AAE9223DB}"
EndProject
Global
	GlobalSection(SolutionConfigurationPlatforms) = preSolution
		Debug|Any CPU = Debug|Any CPU
		Release|Any CPU = Release|Any CPU
	EndGlobalSection
	GlobalSection(ProjectConfigurationPlatforms) = postSolution
		{820AED55-91C7-4EE9-9AFB-AC5AAE9223DB}.Debug|Any CPU.ActiveCfg = Debug|Any CPU
		{820AED55-91C7-4EE9-9AFB-AC5AAE9223DB}.Debug|Any CPU.Build.0 = Debug|Any CPU
		{820AED55-91C7-4EE9-9AFB-AC5AAE9223DB}.Release|Any CPU.ActiveCfg = Release|Any CPU
		{820AED55-91C7-4EE9-9AFB-AC5AAE9223DB}.Release|Any CPU.Build.0 = Release|Any CPU
	EndGlobalSection
	GlobalSection(SolutionProperties) = preSolution
		HideSolutionNode = FALSE
	EndGlobalSection
	GlobalSection(ExtensibilityGlobals) = postSolution
		SolutionGuid = {51D3A685-4307-463C-9CF0-28D70AC65001}
	EndGlobalSection
EndGlobal
